
Microsoft Visual Studio Solution File, Format Version 12.00
# Visual Studio Version 17
VisualStudioVersion = 17.5.33516.290
MinimumVisualStudioVersion = 10.0.40219.1
Project("{FAE04EC0-301F-11D3-BF4B-00C04F79EFBC}") = "Reportes4", "Reportes4\Reportes4.csproj", "{7D8E267E-60A9-4074-809E-0C4C5ADBD2BF}"
EndProject
Global
	GlobalSection(SolutionConfigurationPlatforms) = preSolution
		Debug|Any CPU = Debug|Any CPU
		Release|Any CPU = Release|Any CPU
	EndGlobalSection
	GlobalSection(ProjectConfigurationPlatforms) = postSolution
		{7D8E267E-60A9-4074-809E-0C4C5ADBD2BF}.Debug|Any CPU.ActiveCfg = Debug|Any CPU
		{7D8E267E-60A9-4074-809E-0C4C5ADBD2BF}.Debug|Any CPU.Build.0 = Debug|Any CPU
		{7D8E267E-60A9-4074-809E-0C4C5ADBD2BF}.Release|Any CPU.ActiveCfg = Release|Any CPU
		{7D8E267E-60A9-4074-809E-0C4C5ADBD2BF}.Release|Any CPU.Build.0 = Release|Any CPU
	EndGlobalSection
	GlobalSection(SolutionProperties) = preSolution
		HideSolutionNode = FALSE
	EndGlobalSection
	GlobalSection(ExtensibilityGlobals) = postSolution
		SolutionGuid = {491F2A9C-B3B4-4945-8EC3-ABF7CD652051}
	EndGlobalSection
EndGlobal
